
Microsoft Visual Studio Solution File, Format Version 12.00
# Visual Studio Version 17
VisualStudioVersion = 17.9.34622.214
MinimumVisualStudioVersion = 10.0.40219.1
Project("{9A19103F-16F7-4668-BE54-9A1E7A4F7556}") = "RunGym.API", "WebApplication1\RunGym.API.csproj", "{13C6A6A5-DCA7-4410-A83A-2B1194D8B0DE}"
EndProject
Project("{2150E333-8FDC-42A3-9474-1A3956D46DE8}") = "Documentacion", "Documentacion", "{3A031594-07A5-4C96-882D-F4312A6000E2}"
	ProjectSection(SolutionItems) = preProject
		..\..\trabajos sena\Analisis Desarrollo Software\PROYECTO RUNGYM\Propuesta Proyecto -RunGym\PROPUESTA TECNICA TABLA -2024\Tabla Propuesta Proyecto 2024-RunGym.docx = ..\..\trabajos sena\Analisis Desarrollo Software\PROYECTO RUNGYM\Propuesta Proyecto -RunGym\PROPUESTA TECNICA TABLA -2024\Tabla Propuesta Proyecto 2024-RunGym.docx
	EndProjectSection
EndProject
Project("{2150E333-8FDC-42A3-9474-1A3956D46DE8}") = "Codigo", "Codigo", "{830CA164-0421-4E3A-8556-177DC8031F22}"
EndProject
Project("{2150E333-8FDC-42A3-9474-1A3956D46DE8}") = "Script", "Script", "{640345AE-4C16-4262-8900-D45BA459EDE0}"
	ProjectSection(SolutionItems) = preProject
		..\..\..\..\Downloads\Scrip RunGYm\RunGym.sql = ..\..\..\..\Downloads\Scrip RunGYm\RunGym.sql
	EndProjectSection
EndProject
Global
	GlobalSection(SolutionConfigurationPlatforms) = preSolution
		Debug|Any CPU = Debug|Any CPU
		Release|Any CPU = Release|Any CPU
	EndGlobalSection
	GlobalSection(ProjectConfigurationPlatforms) = postSolution
		{13C6A6A5-DCA7-4410-A83A-2B1194D8B0DE}.Debug|Any CPU.ActiveCfg = Debug|Any CPU
		{13C6A6A5-DCA7-4410-A83A-2B1194D8B0DE}.Debug|Any CPU.Build.0 = Debug|Any CPU
		{13C6A6A5-DCA7-4410-A83A-2B1194D8B0DE}.Release|Any CPU.ActiveCfg = Release|Any CPU
		{13C6A6A5-DCA7-4410-A83A-2B1194D8B0DE}.Release|Any CPU.Build.0 = Release|Any CPU
	EndGlobalSection
	GlobalSection(SolutionProperties) = preSolution
		HideSolutionNode = FALSE
	EndGlobalSection
	GlobalSection(NestedProjects) = preSolution
		{13C6A6A5-DCA7-4410-A83A-2B1194D8B0DE} = {830CA164-0421-4E3A-8556-177DC8031F22}
	EndGlobalSection
	GlobalSection(ExtensibilityGlobals) = postSolution
		SolutionGuid = {171B99A9-C7D8-428A-AA31-2EDA09E853D4}
	EndGlobalSection
EndGlobal
